{
  "name": "indexer",
  "version": "0.0.1",
  "lockfileVersion": 1,
  "requires": true,
  "dependencies": {
    "simpleargs": {
      "version": "0.0.5",
      "resolved": "https://registry.npmjs.org/simpleargs/-/simpleargs-0.0.5.tgz",
      "integrity": "sha512-ZpY9xRJ3vpZhbVHg0aJS+k6ZfqVRf7CRgPQ1U+ZfS7FxuthZOY7R/9H8cyeAYRFFEINCwxBmSu8W6/80LWMfhg=="
    }
  }
}
